// !$*UTF8*$!
{
	archiveVersion = 1;
	classes = {
	};
	objectVersion = 46;
	objects = {

/* Begin PBXBuildFile section */
		D06AFA371AF2700A00A0A008 /* AppDelegate.swift in Sources */ = {isa = PBXBuildFile; fileRef = D06AFA361AF2700A00A0A008 /* AppDelegate.swift */; };
		D06AFA3A1AF2700A00A0A008 /* prayball.xcdatamodeld in Sources */ = {isa = PBXBuildFile; fileRef = D06AFA381AF2700A00A0A008 /* prayball.xcdatamodeld */; };
		D06AFA3C1AF2700A00A0A008 /* MasterViewController.swift in Sources */ = {isa = PBXBuildFile; fileRef = D06AFA3B1AF2700A00A0A008 /* MasterViewController.swift */; };
		D06AFA3E1AF2700A00A0A008 /* DetailViewController.swift in Sources */ = {isa = PBXBuildFile; fileRef = D06AFA3D1AF2700A00A0A008 /* DetailViewController.swift */; };
		D06AFA411AF2700A00A0A008 /* Main.storyboard in Resources */ = {isa = PBXBuildFile; fileRef = D06AFA3F1AF2700A00A0A008 /* Main.storyboard */; };
		D06AFA431AF2700A00A0A008 /* Images.xcassets in Resources */ = {isa = PBXBuildFile; fileRef = D06AFA421AF2700A00A0A008 /* Images.xcassets */; };
		D06AFA461AF2700A00A0A008 /* LaunchScreen.xib in Resources */ = {isa = PBXBuildFile; fileRef = D06AFA441AF2700A00A0A008 /* LaunchScreen.xib */; };
		D06AFA521AF2700A00A0A008 /* prayballTests.swift in Sources */ = {isa = PBXBuildFile; fileRef = D06AFA511AF2700A00A0A008 /* prayballTests.swift */; };
/* End PBXBuildFile section */

/* Begin PBXContainerItemProxy section */
		D06AFA4C1AF2700A00A0A008 /* PBXContainerItemProxy */ = {
			isa = PBXContainerItemProxy;
			containerPortal = D06AFA291AF2700A00A0A008 /* Project object */;
			proxyType = 1;
			remoteGlobalIDString = D06AFA301AF2700A00A0A008;
			remoteInfo = prayball;
		};
/* End PBXContainerItemProxy section */

/* Begin PBXFileReference section */
		D06AFA311AF2700A00A0A008 /* prayball.app */ = {isa = PBXFileReference; explicitFileType = wrapper.application; includeInIndex = 0; path = prayball.app; sourceTree = BUILT_PRODUCTS_DIR; };
		D06AFA351AF2700A00A0A008 /* Info.plist */ = {isa = PBXFileReference; lastKnownFileType = text.plist.xml; path = Info.plist; sourceTree = "<group>"; };
		D06AFA361AF2700A00A0A008 /* AppDelegate.swift */ = {isa = PBXFileReference; lastKnownFileType = sourcecode.swift; path = AppDelegate.swift; sourceTree = "<group>"; };
		D06AFA391AF2700A00A0A008 /* prayball.xcdatamodel */ = {isa = PBXFileReference; lastKnownFileType = wrapper.xcdatamodel; path = prayball.xcdatamodel; sourceTree = "<group>"; };
		D06AFA3B1AF2700A00A0A008 /* MasterViewController.swift */ = {isa = PBXFileReference; lastKnownFileType = sourcecode.swift; path = MasterViewController.swift; sourceTree = "<group>"; };
		D06AFA3D1AF2700A00A0A008 /* DetailViewController.swift */ = {isa = PBXFileReference; lastKnownFileType = sourcecode.swift; path = DetailViewController.swift; sourceTree = "<group>"; };
		D06AFA401AF2700A00A0A008 /* Base */ = {isa = PBXFileReference; lastKnownFileType = file.storyboard; name = Base; path = Base.lproj/Main.storyboard; sourceTree = "<group>"; };
		D06AFA421AF2700A00A0A008 /* Images.xcassets */ = {isa = PBXFileReference; lastKnownFileType = folder.assetcatalog; path = Images.xcassets; sourceTree = "<group>"; };
		D06AFA451AF2700A00A0A008 /* Base */ = {isa = PBXFileReference; lastKnownFileType = file.xib; name = Base; path = Base.lproj/LaunchScreen.xib; sourceTree = "<group>"; };
		D06AFA4B1AF2700A00A0A008 /* prayballTests.xctest */ = {isa = PBXFileReference; explicitFileType = wrapper.cfbundle; includeInIndex = 0; path = prayballTests.xctest; sourceTree = BUILT_PRODUCTS_DIR; };
		D06AFA501AF2700A00A0A008 /* Info.plist */ = {isa = PBXFileReference; lastKnownFileType = text.plist.xml; path = Info.plist; sourceTree = "<group>"; };
		D06AFA511AF2700A00A0A008 /* prayballTests.swift */ = {isa = PBXFileReference; lastKnownFileType = sourcecode.swift; path = prayballTests.swift; sourceTree = "<group>"; };
/* End PBXFileReference section */

/* Begin PBXFrameworksBuildPhase section */
		D06AFA2E1AF2700A00A0A008 /* Frameworks */ = {
			isa = PBXFrameworksBuildPhase;
			buildActionMask = 2147483647;
			files = (
			);
			runOnlyForDeploymentPostprocessing = 0;
		};
		D06AFA481AF2700A00A0A008 /* Frameworks */ = {
			isa = PBXFrameworksBuildPhase;
			buildActionMask = 2147483647;
			files = (
			);
			runOnlyForDeploymentPostprocessing = 0;
		};
/* End PBXFrameworksBuildPhase section */

/* Begin PBXGroup section */
		D06AFA281AF2700A00A0A008 = {
			isa = PBXGroup;
			children = (
				D06AFA331AF2700A00A0A008 /* prayball */,
				D06AFA4E1AF2700A00A0A008 /* prayballTests */,
				D06AFA321AF2700A00A0A008 /* Products */,
			);
			sourceTree = "<group>";
		};
		D06AFA321AF2700A00A0A008 /* Products */ = {
			isa = PBXGroup;
			children = (
				D06AFA311AF2700A00A0A008 /* prayball.app */,
				D06AFA4B1AF2700A00A0A008 /* prayballTests.xctest */,
			);
			name = Products;
			sourceTree = "<group>";
		};
		D06AFA331AF2700A00A0A008 /* prayball */ = {
			isa = PBXGroup;
			children = (
				D06AFA361AF2700A00A0A008 /* AppDelegate.swift */,
				D06AFA3B1AF2700A00A0A008 /* MasterViewController.swift */,
				D06AFA3D1AF2700A00A0A008 /* DetailViewController.swift */,
				D06AFA3F1AF2700A00A0A008 /* Main.storyboard */,
				D06AFA421AF2700A00A0A008 /* Images.xcassets */,
				D06AFA441AF2700A00A0A008 /* LaunchScreen.xib */,
				D06AFA381AF2700A00A0A008 /* prayball.xcdatamodeld */,
				D06AFA341AF2700A00A0A008 /* Supporting Files */,
			);
			path = prayball;
			sourceTree = "<group>";
		};
		D06AFA341AF2700A00A0A008 /* Supporting Files */ = {
			isa = PBXGroup;
			children = (
				D06AFA351AF2700A00A0A008 /* Info.plist */,
			);
			name = "Supporting Files";
			sourceTree = "<group>";
		};
		D06AFA4E1AF2700A00A0A008 /* prayballTests */ = {
			isa = PBXGroup;
			children = (
				D06AFA511AF2700A00A0A008 /* prayballTests.swift */,
				D06AFA4F1AF2700A00A0A008 /* Supporting Files */,
			);
			path = prayballTests;
			sourceTree = "<group>";
		};
		D06AFA4F1AF2700A00A0A008 /* Supporting Files */ = {
			isa = PBXGroup;
			children = (
				D06AFA501AF2700A00A0A008 /* Info.plist */,
			);
			name = "Supporting Files";
			sourceTree = "<group>";
		};
/* End PBXGroup section */

/* Begin PBXNativeTarget section */
		D06AFA301AF2700A00A0A008 /* prayball */ = {
			isa = PBXNativeTarget;
			buildConfigurationList = D06AFA551AF2700A00A0A008 /* Build configuration list for PBXNativeTarget "prayball" */;
			buildPhases = (
				D06AFA2D1AF2700A00A0A008 /* Sources */,
				D06AFA2E1AF2700A00A0A008 /* Frameworks */,
				D06AFA2F1AF2700A00A0A008 /* Resources */,
			);
			buildRules = (
			);
			dependencies = (
			);
			name = prayball;
			productName = prayball;
			productReference = D06AFA311AF2700A00A0A008 /* prayball.app */;
			productType = "com.apple.product-type.application";
		};
		D06AFA4A1AF2700A00A0A008 /* prayballTests */ = {
			isa = PBXNativeTarget;
			buildConfigurationList = D06AFA581AF2700A00A0A008 /* Build configuration list for PBXNativeTarget "prayballTests" */;
			buildPhases = (
				D06AFA471AF2700A00A0A008 /* Sources */,
				D06AFA481AF2700A00A0A008 /* Frameworks */,
				D06AFA491AF2700A00A0A008 /* Resources */,
			);
			buildRules = (
			);
			dependencies = (
				D06AFA4D1AF2700A00A0A008 /* PBXTargetDependency */,
			);
			name = prayballTests;
			productName = prayballTests;
			productReference = D06AFA4B1AF2700A00A0A008 /* prayballTests.xctest */;
			productType = "com.apple.product-type.bundle.unit-test";
		};
/* End PBXNativeTarget section */

/* Begin PBXProject section */
		D06AFA291AF2700A00A0A008 /* Project object */ = {
			isa = PBXProject;
			attributes = {
				LastUpgradeCheck = 0630;
				ORGANIZATIONNAME = TakesxiSximada;
				TargetAttributes = {
					D06AFA301AF2700A00A0A008 = {
						CreatedOnToolsVersion = 6.3.1;
					};
					D06AFA4A1AF2700A00A0A008 = {
						CreatedOnToolsVersion = 6.3.1;
						TestTargetID = D06AFA301AF2700A00A0A008;
					};
				};
			};
			buildConfigurationList = D06AFA2C1AF2700A00A0A008 /* Build configuration list for PBXProject "prayball" */;
			compatibilityVersion = "Xcode 3.2";
			developmentRegion = English;
			hasScannedForEncodings = 0;
			knownRegions = (
				en,
				Base,
			);
			mainGroup = D06AFA281AF2700A00A0A008;
			productRefGroup = D06AFA321AF2700A00A0A008 /* Products */;
			projectDirPath = "";
			projectRoot = "";
			targets = (
				D06AFA301AF2700A00A0A008 /* prayball */,
				D06AFA4A1AF2700A00A0A008 /* prayballTests */,
			);
		};
/* End PBXProject section */

/* Begin PBXResourcesBuildPhase section */
		D06AFA2F1AF2700A00A0A008 /* Resources */ = {
			isa = PBXResourcesBuildPhase;
			buildActionMask = 2147483647;
			files = (
				D06AFA411AF2700A00A0A008 /* Main.storyboard in Resources */,
				D06AFA461AF2700A00A0A008 /* LaunchScreen.xib in Resources */,
				D06AFA431AF2700A00A0A008 /* Images.xcassets in Resources */,
			);
			runOnlyForDeploymentPostprocessing = 0;
		};
		D06AFA491AF2700A00A0A008 /* Resources */ = {
			isa = PBXResourcesBuildPhase;
			buildActionMask = 2147483647;
			files = (
			);
			runOnlyForDeploymentPostprocessing = 0;
		};
/* End PBXResourcesBuildPhase section */

/* Begin PBXSourcesBuildPhase section */
		D06AFA2D1AF2700A00A0A008 /* Sources */ = {
			isa = PBXSourcesBuildPhase;
			buildActionMask = 2147483647;
			files = (
				D06AFA3A1AF2700A00A0A008 /* prayball.xcdatamodeld in Sources */,
				D06AFA371AF2700A00A0A008 /* AppDelegate.swift in Sources */,
				D06AFA3C1AF2700A00A0A008 /* MasterViewController.swift in Sources */,
				D06AFA3E1AF2700A00A0A008 /* DetailViewController.swift in Sources */,
			);
			runOnlyForDeploymentPostprocessing = 0;
		};
		D06AFA471AF2700A00A0A008 /* Sources */ = {
			isa = PBXSourcesBuildPhase;
			buildActionMask = 2147483647;
			files = (
				D06AFA521AF2700A00A0A008 /* prayballTests.swift in Sources */,
			);
			runOnlyForDeploymentPostprocessing = 0;
		};
/* End PBXSourcesBuildPhase section */

/* Begin PBXTargetDependency section */
		D06AFA4D1AF2700A00A0A008 /* PBXTargetDependency */ = {
			isa = PBXTargetDependency;
			target = D06AFA301AF2700A00A0A008 /* prayball */;
			targetProxy = D06AFA4C1AF2700A00A0A008 /* PBXContainerItemProxy */;
		};
/* End PBXTargetDependency section */

/* Begin PBXVariantGroup section */
		D06AFA3F1AF2700A00A0A008 /* Main.storyboard */ = {
			isa = PBXVariantGroup;
			children = (
				D06AFA401AF2700A00A0A008 /* Base */,
			);
			name = Main.storyboard;
			sourceTree = "<group>";
		};
		D06AFA441AF2700A00A0A008 /* LaunchScreen.xib */ = {
			isa = PBXVariantGroup;
			children = (
				D06AFA451AF2700A00A0A008 /* Base */,
			);
			name = LaunchScreen.xib;
			sourceTree = "<group>";
		};
/* End PBXVariantGroup section */

/* Begin XCBuildConfiguration section */
		D06AFA531AF2700A00A0A008 /* Debug */ = {
			isa = XCBuildConfiguration;
			buildSettings = {
				ALWAYS_SEARCH_USER_PATHS = NO;
				CLANG_CXX_LANGUAGE_STANDARD = "gnu++0x";
				CLANG_CXX_LIBRARY = "libc++";
				CLANG_ENABLE_MODULES = YES;
				CLANG_ENABLE_OBJC_ARC = YES;
				CLANG_WARN_BOOL_CONVERSION = YES;
				CLANG_WARN_CONSTANT_CONVERSION = YES;
				CLANG_WARN_DIRECT_OBJC_ISA_USAGE = YES_ERROR;
				CLANG_WARN_EMPTY_BODY = YES;
				CLANG_WARN_ENUM_CONVERSION = YES;
				CLANG_WARN_INT_CONVERSION = YES;
				CLANG_WARN_OBJC_ROOT_CLASS = YES_ERROR;
				CLANG_WARN_UNREACHABLE_CODE = YES;
				CLANG_WARN__DUPLICATE_METHOD_MATCH = YES;
				"CODE_SIGN_IDENTITY[sdk=iphoneos*]" = "iPhone Developer";
				COPY_PHASE_STRIP = NO;
				DEBUG_INFORMATION_FORMAT = "dwarf-with-dsym";
				ENABLE_STRICT_OBJC_MSGSEND = YES;
				GCC_C_LANGUAGE_STANDARD = gnu99;
				GCC_DYNAMIC_NO_PIC = NO;
				GCC_NO_COMMON_BLOCKS = YES;
				GCC_OPTIMIZATION_LEVEL = 0;
				GCC_PREPROCESSOR_DEFINITIONS = (
					"DEBUG=1",
					"$(inherited)",
				);
				GCC_SYMBOLS_PRIVATE_EXTERN = NO;
				GCC_WARN_64_TO_32_BIT_CONVERSION = YES;
				GCC_WARN_ABOUT_RETURN_TYPE = YES_ERROR;
				GCC_WARN_UNDECLARED_SELECTOR = YES;
				GCC_WARN_UNINITIALIZED_AUTOS = YES_AGGRESSIVE;
				GCC_WARN_UNUSED_FUNCTION = YES;
				GCC_WARN_UNUSED_VARIABLE = YES;
				IPHONEOS_DEPLOYMENT_TARGET = 8.3;
				MTL_ENABLE_DEBUG_INFO = YES;
				ONLY_ACTIVE_ARCH = YES;
				SDKROOT = iphoneos;
				SWIFT_OPTIMIZATION_LEVEL = "-Onone";
				TARGETED_DEVICE_FAMILY = "1,2";
			};
			name = Debug;
		};
		D06AFA541AF2700A00A0A008 /* Release */ = {
			isa = XCBuildConfiguration;
			buildSettings = {
				ALWAYS_SEARCH_USER_PATHS = NO;
				CLANG_CXX_LANGUAGE_STANDARD = "gnu++0x";
				CLANG_CXX_LIBRARY = "libc++";
				CLANG_ENABLE_MODULES = YES;
				CLANG_ENABLE_OBJC_ARC = YES;
				CLANG_WARN_BOOL_CONVERSION = YES;
				CLANG_WARN_CONSTANT_CONVERSION = YES;
				CLANG_WARN_DIRECT_OBJC_ISA_USAGE = YES_ERROR;
				CLANG_WARN_EMPTY_BODY = YES;
				CLANG_WARN_ENUM_CONVERSION = YES;
				CLANG_WARN_INT_CONVERSION = YES;
				CLANG_WARN_OBJC_ROOT_CLASS = YES_ERROR;
				CLANG_WARN_UNREACHABLE_CODE = YES;
				CLANG_WARN__DUPLICATE_METHOD_MATCH = YES;
				"CODE_SIGN_IDENTITY[sdk=iphoneos*]" = "iPhone Developer";
				COPY_PHASE_STRIP = NO;
				DEBUG_INFORMATION_FORMAT = "dwarf-with-dsym";
				ENABLE_NS_ASSERTIONS = NO;
				ENABLE_STRICT_OBJC_MSGSEND = YES;
				GCC_C_LANGUAGE_STANDARD = gnu99;
				GCC_NO_COMMON_BLOCKS = YES;
				GCC_WARN_64_TO_32_BIT_CONVERSION = YES;
				GCC_WARN_ABOUT_RETURN_TYPE = YES_ERROR;
				GCC_WARN_UNDECLARED_SELECTOR = YES;
				GCC_WARN_UNINITIALIZED_AUTOS = YES_AGGRESSIVE;
				GCC_WARN_UNUSED_FUNCTION = YES;
				GCC_WARN_UNUSED_VARIABLE = YES;
				IPHONEOS_DEPLOYMENT_TARGET = 8.3;
				MTL_ENABLE_DEBUG_INFO = NO;
				SDKROOT = iphoneos;
				TARGETED_DEVICE_FAMILY = "1,2";
				VALIDATE_PRODUCT = YES;
			};
			name = Release;
		};
		D06AFA561AF2700A00A0A008 /* Debug */ = {
			isa = XCBuildConfiguration;
			buildSettings = {
				ASSETCATALOG_COMPILER_APPICON_NAME = AppIcon;
				INFOPLIST_FILE = prayball/Info.plist;
				LD_RUNPATH_SEARCH_PATHS = "$(inherited) @executable_path/Frameworks";
				PRODUCT_NAME = "$(TARGET_NAME)";
			};
			name = Debug;
		};
		D06AFA571AF2700A00A0A008 /* Release */ = {
			isa = XCBuildConfiguration;
			buildSettings = {
				ASSETCATALOG_COMPILER_APPICON_NAME = AppIcon;
				INFOPLIST_FILE = prayball/Info.plist;
				LD_RUNPATH_SEARCH_PATHS = "$(inherited) @executable_path/Frameworks";
				PRODUCT_NAME = "$(TARGET_NAME)";
			};
			name = Release;
		};
		D06AFA591AF2700A00A0A008 /* Debug */ = {
			isa = XCBuildConfiguration;
			buildSettings = {
				BUNDLE_LOADER = "$(TEST_HOST)";
				FRAMEWORK_SEARCH_PATHS = (
					"$(SDKROOT)/Developer/Library/Frameworks",
					"$(inherited)",
				);
				GCC_PREPROCESSOR_DEFINITIONS = (
					"DEBUG=1",
					"$(inherited)",
				);
				INFOPLIST_FILE = prayballTests/Info.plist;
				LD_RUNPATH_SEARCH_PATHS = "$(inherited) @executable_path/Frameworks @loader_path/Frameworks";
				PRODUCT_NAME = "$(TARGET_NAME)";
				TEST_HOST = "$(BUILT_PRODUCTS_DIR)/prayball.app/prayball";
			};
			name = Debug;
		};
		D06AFA5A1AF2700A00A0A008 /* Release */ = {
			isa = XCBuildConfiguration;
			buildSettings = {
				BUNDLE_LOADER = "$(TEST_HOST)";
				FRAMEWORK_SEARCH_PATHS = (
					"$(SDKROOT)/Developer/Library/Frameworks",
					"$(inherited)",
				);
				INFOPLIST_FILE = prayballTests/Info.plist;
				LD_RUNPATH_SEARCH_PATHS = "$(inherited) @executable_path/Frameworks @loader_path/Frameworks";
				PRODUCT_NAME = "$(TARGET_NAME)";
				TEST_HOST = "$(BUILT_PRODUCTS_DIR)/prayball.app/prayball";
			};
			name = Release;
		};
/* End XCBuildConfiguration section */

/* Begin XCConfigurationList section */
		D06AFA2C1AF2700A00A0A008 /* Build configuration list for PBXProject "prayball" */ = {
			isa = XCConfigurationList;
			buildConfigurations = (
				D06AFA531AF2700A00A0A008 /* Debug */,
				D06AFA541AF2700A00A0A008 /* Release */,
			);
			defaultConfigurationIsVisible = 0;
			defaultConfigurationName = Release;
		};
		D06AFA551AF2700A00A0A008 /* Build configuration list for PBXNativeTarget "prayball" */ = {
			isa = XCConfigurationList;
			buildConfigurations = (
				D06AFA561AF2700A00A0A008 /* Debug */,
				D06AFA571AF2700A00A0A008 /* Release */,
			);
			defaultConfigurationIsVisible = 0;
		};
		D06AFA581AF2700A00A0A008 /* Build configuration list for PBXNativeTarget "prayballTests" */ = {
			isa = XCConfigurationList;
			buildConfigurations = (
				D06AFA591AF2700A00A0A008 /* Debug */,
				D06AFA5A1AF2700A00A0A008 /* Release */,
			);
			defaultConfigurationIsVisible = 0;
		};
/* End XCConfigurationList section */

/* Begin XCVersionGroup section */
		D06AFA381AF2700A00A0A008 /* prayball.xcdatamodeld */ = {
			isa = XCVersionGroup;
			children = (
				D06AFA391AF2700A00A0A008 /* prayball.xcdatamodel */,
			);
			currentVersion = D06AFA391AF2700A00A0A008 /* prayball.xcdatamodel */;
			path = prayball.xcdatamodeld;
			sourceTree = "<group>";
			versionGroupType = wrapper.xcdatamodel;
		};
/* End XCVersionGroup section */
	};
	rootObject = D06AFA291AF2700A00A0A008 /* Project object */;
}
